// !$*UTF8*$!
{
	archiveVersion = 1;
	classes = {
	};
	objectVersion = 50;
	objects = {

/* Begin PBXBuildFile section */
		8033892824CA994F003187A5 /* AppDelegate.swift in Sources */ = {isa = PBXBuildFile; fileRef = 8033892724CA994F003187A5 /* AppDelegate.swift */; };
		8033892A24CA994F003187A5 /* SceneDelegate.swift in Sources */ = {isa = PBXBuildFile; fileRef = 8033892924CA994F003187A5 /* SceneDelegate.swift */; };
		8033892F24CA994F003187A5 /* Main.storyboard in Resources */ = {isa = PBXBuildFile; fileRef = 8033892D24CA994F003187A5 /* Main.storyboard */; };
		8033893224CA994F003187A5 /* GoalPost.xcdatamodeld in Sources */ = {isa = PBXBuildFile; fileRef = 8033893024CA994F003187A5 /* GoalPost.xcdatamodeld */; };
		8033893424CA9954003187A5 /* Assets.xcassets in Resources */ = {isa = PBXBuildFile; fileRef = 8033893324CA9954003187A5 /* Assets.xcassets */; };
		8033893724CA9954003187A5 /* LaunchScreen.storyboard in Resources */ = {isa = PBXBuildFile; fileRef = 8033893524CA9954003187A5 /* LaunchScreen.storyboard */; };
		8033894424CAA06B003187A5 /* GoalsVC.swift in Sources */ = {isa = PBXBuildFile; fileRef = 8033894324CAA06B003187A5 /* GoalsVC.swift */; };
		8033894624CAA8CF003187A5 /* GoalCell.swift in Sources */ = {isa = PBXBuildFile; fileRef = 8033894524CAA8CF003187A5 /* GoalCell.swift */; };
		8033894824CAB3E9003187A5 /* GoalType.swift in Sources */ = {isa = PBXBuildFile; fileRef = 8033894724CAB3E9003187A5 /* GoalType.swift */; };
		8033894A24CC0AC5003187A5 /* NewGoalVC.swift in Sources */ = {isa = PBXBuildFile; fileRef = 8033894924CC0AC5003187A5 /* NewGoalVC.swift */; };
		8033894C24CC0F10003187A5 /* CustomUIViewControllerTransition.swift in Sources */ = {isa = PBXBuildFile; fileRef = 8033894B24CC0F10003187A5 /* CustomUIViewControllerTransition.swift */; };
/* End PBXBuildFile section */

/* Begin PBXFileReference section */
		8033892424CA994F003187A5 /* GoalPost.app */ = {isa = PBXFileReference; explicitFileType = wrapper.application; includeInIndex = 0; path = GoalPost.app; sourceTree = BUILT_PRODUCTS_DIR; };
		8033892724CA994F003187A5 /* AppDelegate.swift */ = {isa = PBXFileReference; lastKnownFileType = sourcecode.swift; path = AppDelegate.swift; sourceTree = "<group>"; };
		8033892924CA994F003187A5 /* SceneDelegate.swift */ = {isa = PBXFileReference; lastKnownFileType = sourcecode.swift; path = SceneDelegate.swift; sourceTree = "<group>"; };
		8033892E24CA994F003187A5 /* Base */ = {isa = PBXFileReference; lastKnownFileType = file.storyboard; name = Base; path = Base.lproj/Main.storyboard; sourceTree = "<group>"; };
		8033893124CA994F003187A5 /* GoalPost.xcdatamodel */ = {isa = PBXFileReference; lastKnownFileType = wrapper.xcdatamodel; path = GoalPost.xcdatamodel; sourceTree = "<group>"; };
		8033893324CA9954003187A5 /* Assets.xcassets */ = {isa = PBXFileReference; lastKnownFileType = folder.assetcatalog; path = Assets.xcassets; sourceTree = "<group>"; };
		8033893624CA9954003187A5 /* Base */ = {isa = PBXFileReference; lastKnownFileType = file.storyboard; name = Base; path = Base.lproj/LaunchScreen.storyboard; sourceTree = "<group>"; };
		8033893824CA9954003187A5 /* Info.plist */ = {isa = PBXFileReference; lastKnownFileType = text.plist.xml; path = Info.plist; sourceTree = "<group>"; };
		8033894324CAA06B003187A5 /* GoalsVC.swift */ = {isa = PBXFileReference; lastKnownFileType = sourcecode.swift; path = GoalsVC.swift; sourceTree = "<group>"; };
		8033894524CAA8CF003187A5 /* GoalCell.swift */ = {isa = PBXFileReference; lastKnownFileType = sourcecode.swift; path = GoalCell.swift; sourceTree = "<group>"; };
		8033894724CAB3E9003187A5 /* GoalType.swift */ = {isa = PBXFileReference; lastKnownFileType = sourcecode.swift; path = GoalType.swift; sourceTree = "<group>"; };
		8033894924CC0AC5003187A5 /* NewGoalVC.swift */ = {isa = PBXFileReference; lastKnownFileType = sourcecode.swift; path = NewGoalVC.swift; sourceTree = "<group>"; };
		8033894B24CC0F10003187A5 /* CustomUIViewControllerTransition.swift */ = {isa = PBXFileReference; lastKnownFileType = sourcecode.swift; path = CustomUIViewControllerTransition.swift; sourceTree = "<group>"; };
/* End PBXFileReference section */

/* Begin PBXFrameworksBuildPhase section */
		8033892124CA994F003187A5 /* Frameworks */ = {
			isa = PBXFrameworksBuildPhase;
			buildActionMask = 2147483647;
			files = (
			);
			runOnlyForDeploymentPostprocessing = 0;
		};
/* End PBXFrameworksBuildPhase section */

/* Begin PBXGroup section */
		8033891B24CA994F003187A5 = {
			isa = PBXGroup;
			children = (
				8033892624CA994F003187A5 /* GoalPost */,
				8033892524CA994F003187A5 /* Products */,
			);
			sourceTree = "<group>";
		};
		8033892524CA994F003187A5 /* Products */ = {
			isa = PBXGroup;
			children = (
				8033892424CA994F003187A5 /* GoalPost.app */,
			);
			name = Products;
			sourceTree = "<group>";
		};
		8033892624CA994F003187A5 /* GoalPost */ = {
			isa = PBXGroup;
			children = (
				8033894224CA99AC003187A5 /* Extensions */,
				8033894124CA99A2003187A5 /* Enums */,
				8033894024CA999A003187A5 /* Controller */,
				8033893F24CA9995003187A5 /* View */,
				8033893E24CA9990003187A5 /* Model */,
				8033892724CA994F003187A5 /* AppDelegate.swift */,
				8033892924CA994F003187A5 /* SceneDelegate.swift */,
				8033892D24CA994F003187A5 /* Main.storyboard */,
				8033893324CA9954003187A5 /* Assets.xcassets */,
				8033893524CA9954003187A5 /* LaunchScreen.storyboard */,
				8033893824CA9954003187A5 /* Info.plist */,
			);
			path = GoalPost;
			sourceTree = "<group>";
		};
		8033893E24CA9990003187A5 /* Model */ = {
			isa = PBXGroup;
			children = (
				8033893024CA994F003187A5 /* GoalPost.xcdatamodeld */,
			);
			path = Model;
			sourceTree = "<group>";
		};
		8033893F24CA9995003187A5 /* View */ = {
			isa = PBXGroup;
			children = (
				8033894524CAA8CF003187A5 /* GoalCell.swift */,
			);
			path = View;
			sourceTree = "<group>";
		};
		8033894024CA999A003187A5 /* Controller */ = {
			isa = PBXGroup;
			children = (
				8033894324CAA06B003187A5 /* GoalsVC.swift */,
				8033894924CC0AC5003187A5 /* NewGoalVC.swift */,
			);
			path = Controller;
			sourceTree = "<group>";
		};
		8033894124CA99A2003187A5 /* Enums */ = {
			isa = PBXGroup;
			children = (
				8033894724CAB3E9003187A5 /* GoalType.swift */,
			);
			path = Enums;
			sourceTree = "<group>";
		};
		8033894224CA99AC003187A5 /* Extensions */ = {
			isa = PBXGroup;
			children = (
				8033894B24CC0F10003187A5 /* CustomUIViewControllerTransition.swift */,
			);
			path = Extensions;
			sourceTree = "<group>";
		};
/* End PBXGroup section */

/* Begin PBXNativeTarget section */
		8033892324CA994F003187A5 /* GoalPost */ = {
			isa = PBXNativeTarget;
			buildConfigurationList = 8033893B24CA9954003187A5 /* Build configuration list for PBXNativeTarget "GoalPost" */;
			buildPhases = (
				8033892024CA994F003187A5 /* Sources */,
				8033892124CA994F003187A5 /* Frameworks */,
				8033892224CA994F003187A5 /* Resources */,
			);
			buildRules = (
			);
			dependencies = (
			);
			name = GoalPost;
			productName = GoalPost;
			productReference = 8033892424CA994F003187A5 /* GoalPost.app */;
			productType = "com.apple.product-type.application";
		};
/* End PBXNativeTarget section */

/* Begin PBXProject section */
		8033891C24CA994F003187A5 /* Project object */ = {
			isa = PBXProject;
			attributes = {
				LastSwiftUpdateCheck = 1150;
				LastUpgradeCheck = 1150;
				ORGANIZATIONNAME = "Sai Raghu Varma Kallepalli";
				TargetAttributes = {
					8033892324CA994F003187A5 = {
						CreatedOnToolsVersion = 11.5;
					};
				};
			};
			buildConfigurationList = 8033891F24CA994F003187A5 /* Build configuration list for PBXProject "GoalPost" */;
			compatibilityVersion = "Xcode 9.3";
			developmentRegion = en;
			hasScannedForEncodings = 0;
			knownRegions = (
				en,
				Base,
			);
			mainGroup = 8033891B24CA994F003187A5;
			productRefGroup = 8033892524CA994F003187A5 /* Products */;
			projectDirPath = "";
			projectRoot = "";
			targets = (
				8033892324CA994F003187A5 /* GoalPost */,
			);
		};
/* End PBXProject section */

/* Begin PBXResourcesBuildPhase section */
		8033892224CA994F003187A5 /* Resources */ = {
			isa = PBXResourcesBuildPhase;
			buildActionMask = 2147483647;
			files = (
				8033893724CA9954003187A5 /* LaunchScreen.storyboard in Resources */,
				8033893424CA9954003187A5 /* Assets.xcassets in Resources */,
				8033892F24CA994F003187A5 /* Main.storyboard in Resources */,
			);
			runOnlyForDeploymentPostprocessing = 0;
		};
/* End PBXResourcesBuildPhase section */

/* Begin PBXSourcesBuildPhase section */
		8033892024CA994F003187A5 /* Sources */ = {
			isa = PBXSourcesBuildPhase;
			buildActionMask = 2147483647;
			files = (
				8033892824CA994F003187A5 /* AppDelegate.swift in Sources */,
				8033893224CA994F003187A5 /* GoalPost.xcdatamodeld in Sources */,
				8033894824CAB3E9003187A5 /* GoalType.swift in Sources */,
				8033894A24CC0AC5003187A5 /* NewGoalVC.swift in Sources */,
				8033894C24CC0F10003187A5 /* CustomUIViewControllerTransition.swift in Sources */,
				8033892A24CA994F003187A5 /* SceneDelegate.swift in Sources */,
				8033894624CAA8CF003187A5 /* GoalCell.swift in Sources */,
				8033894424CAA06B003187A5 /* GoalsVC.swift in Sources */,
			);
			runOnlyForDeploymentPostprocessing = 0;
		};
/* End PBXSourcesBuildPhase section */

/* Begin PBXVariantGroup section */
		8033892D24CA994F003187A5 /* Main.storyboard */ = {
			isa = PBXVariantGroup;
			children = (
				8033892E24CA994F003187A5 /* Base */,
			);
			name = Main.storyboard;
			sourceTree = "<group>";
		};
		8033893524CA9954003187A5 /* LaunchScreen.storyboard */ = {
			isa = PBXVariantGroup;
			children = (
				8033893624CA9954003187A5 /* Base */,
			);
			name = LaunchScreen.storyboard;
			sourceTree = "<group>";
		};
/* End PBXVariantGroup section */

/* Begin XCBuildConfiguration section */
		8033893924CA9954003187A5 /* Debug */ = {
			isa = XCBuildConfiguration;
			buildSettings = {
				ALWAYS_SEARCH_USER_PATHS = NO;
				CLANG_ANALYZER_NONNULL = YES;
				CLANG_ANALYZER_NUMBER_OBJECT_CONVERSION = YES_AGGRESSIVE;
				CLANG_CXX_LANGUAGE_STANDARD = "gnu++14";
				CLANG_CXX_LIBRARY = "libc++";
				CLANG_ENABLE_MODULES = YES;
				CLANG_ENABLE_OBJC_ARC = YES;
				CLANG_ENABLE_OBJC_WEAK = YES;
				CLANG_WARN_BLOCK_CAPTURE_AUTORELEASING = YES;
				CLANG_WARN_BOOL_CONVERSION = YES;
				CLANG_WARN_COMMA = YES;
				CLANG_WARN_CONSTANT_CONVERSION = YES;
				CLANG_WARN_DEPRECATED_OBJC_IMPLEMENTATIONS = YES;
				CLANG_WARN_DIRECT_OBJC_ISA_USAGE = YES_ERROR;
				CLANG_WARN_DOCUMENTATION_COMMENTS = YES;
				CLANG_WARN_EMPTY_BODY = YES;
				CLANG_WARN_ENUM_CONVERSION = YES;
				CLANG_WARN_INFINITE_RECURSION = YES;
				CLANG_WARN_INT_CONVERSION = YES;
				CLANG_WARN_NON_LITERAL_NULL_CONVERSION = YES;
				CLANG_WARN_OBJC_IMPLICIT_RETAIN_SELF = YES;
				CLANG_WARN_OBJC_LITERAL_CONVERSION = YES;
				CLANG_WARN_OBJC_ROOT_CLASS = YES_ERROR;
				CLANG_WARN_RANGE_LOOP_ANALYSIS = YES;
				CLANG_WARN_STRICT_PROTOTYPES = YES;
				CLANG_WARN_SUSPICIOUS_MOVE = YES;
				CLANG_WARN_UNGUARDED_AVAILABILITY = YES_AGGRESSIVE;
				CLANG_WARN_UNREACHABLE_CODE = YES;
				CLANG_WARN__DUPLICATE_METHOD_MATCH = YES;
				COPY_PHASE_STRIP = NO;
				DEBUG_INFORMATION_FORMAT = dwarf;
				ENABLE_STRICT_OBJC_MSGSEND = YES;
				ENABLE_TESTABILITY = YES;
				GCC_C_LANGUAGE_STANDARD = gnu11;
				GCC_DYNAMIC_NO_PIC = NO;
				GCC_NO_COMMON_BLOCKS = YES;
				GCC_OPTIMIZATION_LEVEL = 0;
				GCC_PREPROCESSOR_DEFINITIONS = (
					"DEBUG=1",
					"$(inherited)",
				);
				GCC_WARN_64_TO_32_BIT_CONVERSION = YES;
				GCC_WARN_ABOUT_RETURN_TYPE = YES_ERROR;
				GCC_WARN_UNDECLARED_SELECTOR = YES;
				GCC_WARN_UNINITIALIZED_AUTOS = YES_AGGRESSIVE;
				GCC_WARN_UNUSED_FUNCTION = YES;
				GCC_WARN_UNUSED_VARIABLE = YES;
				IPHONEOS_DEPLOYMENT_TARGET = 13.5;
				MTL_ENABLE_DEBUG_INFO = INCLUDE_SOURCE;
				MTL_FAST_MATH = YES;
				ONLY_ACTIVE_ARCH = YES;
				SDKROOT = iphoneos;
				SWIFT_ACTIVE_COMPILATION_CONDITIONS = DEBUG;
				SWIFT_OPTIMIZATION_LEVEL = "-Onone";
			};
			name = Debug;
		};
		8033893A24CA9954003187A5 /* Release */ = {
			isa = XCBuildConfiguration;
			buildSettings = {
				ALWAYS_SEARCH_USER_PATHS = NO;
				CLANG_ANALYZER_NONNULL = YES;
				CLANG_ANALYZER_NUMBER_OBJECT_CONVERSION = YES_AGGRESSIVE;
				CLANG_CXX_LANGUAGE_STANDARD = "gnu++14";
				CLANG_CXX_LIBRARY = "libc++";
				CLANG_ENABLE_MODULES = YES;
				CLANG_ENABLE_OBJC_ARC = YES;
				CLANG_ENABLE_OBJC_WEAK = YES;
				CLANG_WARN_BLOCK_CAPTURE_AUTORELEASING = YES;
				CLANG_WARN_BOOL_CONVERSION = YES;
				CLANG_WARN_COMMA = YES;
				CLANG_WARN_CONSTANT_CONVERSION = YES;
				CLANG_WARN_DEPRECATED_OBJC_IMPLEMENTATIONS = YES;
				CLANG_WARN_DIRECT_OBJC_ISA_USAGE = YES_ERROR;
				CLANG_WARN_DOCUMENTATION_COMMENTS = YES;
				CLANG_WARN_EMPTY_BODY = YES;
				CLANG_WARN_ENUM_CONVERSION = YES;
				CLANG_WARN_INFINITE_RECURSION = YES;
				CLANG_WARN_INT_CONVERSION = YES;
				CLANG_WARN_NON_LITERAL_NULL_CONVERSION = YES;
				CLANG_WARN_OBJC_IMPLICIT_RETAIN_SELF = YES;
				CLANG_WARN_OBJC_LITERAL_CONVERSION = YES;
				CLANG_WARN_OBJC_ROOT_CLASS = YES_ERROR;
				CLANG_WARN_RANGE_LOOP_ANALYSIS = YES;
				CLANG_WARN_STRICT_PROTOTYPES = YES;
				CLANG_WARN_SUSPICIOUS_MOVE = YES;
				CLANG_WARN_UNGUARDED_AVAILABILITY = YES_AGGRESSIVE;
				CLANG_WARN_UNREACHABLE_CODE = YES;
				CLANG_WARN__DUPLICATE_METHOD_MATCH = YES;
				COPY_PHASE_STRIP = NO;
				DEBUG_INFORMATION_FORMAT = "dwarf-with-dsym";
				ENABLE_NS_ASSERTIONS = NO;
				ENABLE_STRICT_OBJC_MSGSEND = YES;
				GCC_C_LANGUAGE_STANDARD = gnu11;
				GCC_NO_COMMON_BLOCKS = YES;
				GCC_WARN_64_TO_32_BIT_CONVERSION = YES;
				GCC_WARN_ABOUT_RETURN_TYPE = YES_ERROR;
				GCC_WARN_UNDECLARED_SELECTOR = YES;
				GCC_WARN_UNINITIALIZED_AUTOS = YES_AGGRESSIVE;
				GCC_WARN_UNUSED_FUNCTION = YES;
				GCC_WARN_UNUSED_VARIABLE = YES;
				IPHONEOS_DEPLOYMENT_TARGET = 13.5;
				MTL_ENABLE_DEBUG_INFO = NO;
				MTL_FAST_MATH = YES;
				SDKROOT = iphoneos;
				SWIFT_COMPILATION_MODE = wholemodule;
				SWIFT_OPTIMIZATION_LEVEL = "-O";
				VALIDATE_PRODUCT = YES;
			};
			name = Release;
		};
		8033893C24CA9954003187A5 /* Debug */ = {
			isa = XCBuildConfiguration;
			buildSettings = {
				ASSETCATALOG_COMPILER_APPICON_NAME = AppIcon;
				CODE_SIGN_STYLE = Automatic;
				INFOPLIST_FILE = GoalPost/Info.plist;
				LD_RUNPATH_SEARCH_PATHS = (
					"$(inherited)",
					"@executable_path/Frameworks",
				);
				PRODUCT_BUNDLE_IDENTIFIER = com.raghu.GoalPost;
				PRODUCT_NAME = "$(TARGET_NAME)";
				SWIFT_VERSION = 5.0;
				TARGETED_DEVICE_FAMILY = "1,2";
			};
			name = Debug;
		};
		8033893D24CA9954003187A5 /* Release */ = {
			isa = XCBuildConfiguration;
			buildSettings = {
				ASSETCATALOG_COMPILER_APPICON_NAME = AppIcon;
				CODE_SIGN_STYLE = Automatic;
				INFOPLIST_FILE = GoalPost/Info.plist;
				LD_RUNPATH_SEARCH_PATHS = (
					"$(inherited)",
					"@executable_path/Frameworks",
				);
				PRODUCT_BUNDLE_IDENTIFIER = com.raghu.GoalPost;
				PRODUCT_NAME = "$(TARGET_NAME)";
				SWIFT_VERSION = 5.0;
				TARGETED_DEVICE_FAMILY = "1,2";
			};
			name = Release;
		};
/* End XCBuildConfiguration section */

/* Begin XCConfigurationList section */
		8033891F24CA994F003187A5 /* Build configuration list for PBXProject "GoalPost" */ = {
			isa = XCConfigurationList;
			buildConfigurations = (
				8033893924CA9954003187A5 /* Debug */,
				8033893A24CA9954003187A5 /* Release */,
			);
			defaultConfigurationIsVisible = 0;
			defaultConfigurationName = Release;
		};
		8033893B24CA9954003187A5 /* Build configuration list for PBXNativeTarget "GoalPost" */ = {
			isa = XCConfigurationList;
			buildConfigurations = (
				8033893C24CA9954003187A5 /* Debug */,
				8033893D24CA9954003187A5 /* Release */,
			);
			defaultConfigurationIsVisible = 0;
			defaultConfigurationName = Release;
		};
/* End XCConfigurationList section */

/* Begin XCVersionGroup section */
		8033893024CA994F003187A5 /* GoalPost.xcdatamodeld */ = {
			isa = XCVersionGroup;
			children = (
				8033893124CA994F003187A5 /* GoalPost.xcdatamodel */,
			);
			currentVersion = 8033893124CA994F003187A5 /* GoalPost.xcdatamodel */;
			path = GoalPost.xcdatamodeld;
			sourceTree = "<group>";
			versionGroupType = wrapper.xcdatamodel;
		};
/* End XCVersionGroup section */
	};
	rootObject = 8033891C24CA994F003187A5 /* Project object */;
}
